// !$*UTF8*$!
{
	archiveVersion = 1;
	classes = {
	};
	objectVersion = 50;
	objects = {

/* Begin PBXBuildFile section */
		87851AC2223918D1000BF290 /* AppDelegate.swift in Sources */ = {isa = PBXBuildFile; fileRef = 87851AC1223918D1000BF290 /* AppDelegate.swift */; };
		87851AC4223918D1000BF290 /* ViewController.swift in Sources */ = {isa = PBXBuildFile; fileRef = 87851AC3223918D1000BF290 /* ViewController.swift */; };
		87851AC7223918D1000BF290 /* Main.storyboard in Resources */ = {isa = PBXBuildFile; fileRef = 87851AC5223918D1000BF290 /* Main.storyboard */; };
		87851AC9223918D3000BF290 /* Assets.xcassets in Resources */ = {isa = PBXBuildFile; fileRef = 87851AC8223918D3000BF290 /* Assets.xcassets */; };
		87851ACC223918D3000BF290 /* LaunchScreen.storyboard in Resources */ = {isa = PBXBuildFile; fileRef = 87851ACA223918D3000BF290 /* LaunchScreen.storyboard */; };
		87851AD7223918D3000BF290 /* StackViewsExTests.swift in Sources */ = {isa = PBXBuildFile; fileRef = 87851AD6223918D3000BF290 /* StackViewsExTests.swift */; };
		87851AE2223918D3000BF290 /* StackViewsExUITests.swift in Sources */ = {isa = PBXBuildFile; fileRef = 87851AE1223918D3000BF290 /* StackViewsExUITests.swift */; };
/* End PBXBuildFile section */

/* Begin PBXContainerItemProxy section */
		87851AD3223918D3000BF290 /* PBXContainerItemProxy */ = {
			isa = PBXContainerItemProxy;
			containerPortal = 87851AB6223918D1000BF290 /* Project object */;
			proxyType = 1;
			remoteGlobalIDString = 87851ABD223918D1000BF290;
			remoteInfo = StackViewsEx;
		};
		87851ADE223918D3000BF290 /* PBXContainerItemProxy */ = {
			isa = PBXContainerItemProxy;
			containerPortal = 87851AB6223918D1000BF290 /* Project object */;
			proxyType = 1;
			remoteGlobalIDString = 87851ABD223918D1000BF290;
			remoteInfo = StackViewsEx;
		};
/* End PBXContainerItemProxy section */

/* Begin PBXFileReference section */
		87851ABE223918D1000BF290 /* StackViewsEx.app */ = {isa = PBXFileReference; explicitFileType = wrapper.application; includeInIndex = 0; path = StackViewsEx.app; sourceTree = BUILT_PRODUCTS_DIR; };
		87851AC1223918D1000BF290 /* AppDelegate.swift */ = {isa = PBXFileReference; lastKnownFileType = sourcecode.swift; path = AppDelegate.swift; sourceTree = "<group>"; };
		87851AC3223918D1000BF290 /* ViewController.swift */ = {isa = PBXFileReference; lastKnownFileType = sourcecode.swift; path = ViewController.swift; sourceTree = "<group>"; };
		87851AC6223918D1000BF290 /* Base */ = {isa = PBXFileReference; lastKnownFileType = file.storyboard; name = Base; path = Base.lproj/Main.storyboard; sourceTree = "<group>"; };
		87851AC8223918D3000BF290 /* Assets.xcassets */ = {isa = PBXFileReference; lastKnownFileType = folder.assetcatalog; path = Assets.xcassets; sourceTree = "<group>"; };
		87851ACB223918D3000BF290 /* Base */ = {isa = PBXFileReference; lastKnownFileType = file.storyboard; name = Base; path = Base.lproj/LaunchScreen.storyboard; sourceTree = "<group>"; };
		87851ACD223918D3000BF290 /* Info.plist */ = {isa = PBXFileReference; lastKnownFileType = text.plist.xml; path = Info.plist; sourceTree = "<group>"; };
		87851AD2223918D3000BF290 /* StackViewsExTests.xctest */ = {isa = PBXFileReference; explicitFileType = wrapper.cfbundle; includeInIndex = 0; path = StackViewsExTests.xctest; sourceTree = BUILT_PRODUCTS_DIR; };
		87851AD6223918D3000BF290 /* StackViewsExTests.swift */ = {isa = PBXFileReference; lastKnownFileType = sourcecode.swift; path = StackViewsExTests.swift; sourceTree = "<group>"; };
		87851AD8223918D3000BF290 /* Info.plist */ = {isa = PBXFileReference; lastKnownFileType = text.plist.xml; path = Info.plist; sourceTree = "<group>"; };
		87851ADD223918D3000BF290 /* StackViewsExUITests.xctest */ = {isa = PBXFileReference; explicitFileType = wrapper.cfbundle; includeInIndex = 0; path = StackViewsExUITests.xctest; sourceTree = BUILT_PRODUCTS_DIR; };
		87851AE1223918D3000BF290 /* StackViewsExUITests.swift */ = {isa = PBXFileReference; lastKnownFileType = sourcecode.swift; path = StackViewsExUITests.swift; sourceTree = "<group>"; };
		87851AE3223918D3000BF290 /* Info.plist */ = {isa = PBXFileReference; lastKnownFileType = text.plist.xml; path = Info.plist; sourceTree = "<group>"; };
/* End PBXFileReference section */

/* Begin PBXFrameworksBuildPhase section */
		87851ABB223918D1000BF290 /* Frameworks */ = {
			isa = PBXFrameworksBuildPhase;
			buildActionMask = 2147483647;
			files = (
			);
			runOnlyForDeploymentPostprocessing = 0;
		};
		87851ACF223918D3000BF290 /* Frameworks */ = {
			isa = PBXFrameworksBuildPhase;
			buildActionMask = 2147483647;
			files = (
			);
			runOnlyForDeploymentPostprocessing = 0;
		};
		87851ADA223918D3000BF290 /* Frameworks */ = {
			isa = PBXFrameworksBuildPhase;
			buildActionMask = 2147483647;
			files = (
			);
			runOnlyForDeploymentPostprocessing = 0;
		};
/* End PBXFrameworksBuildPhase section */

/* Begin PBXGroup section */
		87851AB5223918D1000BF290 = {
			isa = PBXGroup;
			children = (
				87851AC0223918D1000BF290 /* StackViewsEx */,
				87851AD5223918D3000BF290 /* StackViewsExTests */,
				87851AE0223918D3000BF290 /* StackViewsExUITests */,
				87851ABF223918D1000BF290 /* Products */,
			);
			sourceTree = "<group>";
		};
		87851ABF223918D1000BF290 /* Products */ = {
			isa = PBXGroup;
			children = (
				87851ABE223918D1000BF290 /* StackViewsEx.app */,
				87851AD2223918D3000BF290 /* StackViewsExTests.xctest */,
				87851ADD223918D3000BF290 /* StackViewsExUITests.xctest */,
			);
			name = Products;
			sourceTree = "<group>";
		};
		87851AC0223918D1000BF290 /* StackViewsEx */ = {
			isa = PBXGroup;
			children = (
				87851AC1223918D1000BF290 /* AppDelegate.swift */,
				87851AC3223918D1000BF290 /* ViewController.swift */,
				87851AC5223918D1000BF290 /* Main.storyboard */,
				87851AC8223918D3000BF290 /* Assets.xcassets */,
				87851ACA223918D3000BF290 /* LaunchScreen.storyboard */,
				87851ACD223918D3000BF290 /* Info.plist */,
			);
			path = StackViewsEx;
			sourceTree = "<group>";
		};
		87851AD5223918D3000BF290 /* StackViewsExTests */ = {
			isa = PBXGroup;
			children = (
				87851AD6223918D3000BF290 /* StackViewsExTests.swift */,
				87851AD8223918D3000BF290 /* Info.plist */,
			);
			path = StackViewsExTests;
			sourceTree = "<group>";
		};
		87851AE0223918D3000BF290 /* StackViewsExUITests */ = {
			isa = PBXGroup;
			children = (
				87851AE1223918D3000BF290 /* StackViewsExUITests.swift */,
				87851AE3223918D3000BF290 /* Info.plist */,
			);
			path = StackViewsExUITests;
			sourceTree = "<group>";
		};
/* End PBXGroup section */

/* Begin PBXNativeTarget section */
		87851ABD223918D1000BF290 /* StackViewsEx */ = {
			isa = PBXNativeTarget;
			buildConfigurationList = 87851AE6223918D3000BF290 /* Build configuration list for PBXNativeTarget "StackViewsEx" */;
			buildPhases = (
				87851ABA223918D1000BF290 /* Sources */,
				87851ABB223918D1000BF290 /* Frameworks */,
				87851ABC223918D1000BF290 /* Resources */,
			);
			buildRules = (
			);
			dependencies = (
			);
			name = StackViewsEx;
			productName = StackViewsEx;
			productReference = 87851ABE223918D1000BF290 /* StackViewsEx.app */;
			productType = "com.apple.product-type.application";
		};
		87851AD1223918D3000BF290 /* StackViewsExTests */ = {
			isa = PBXNativeTarget;
			buildConfigurationList = 87851AE9223918D3000BF290 /* Build configuration list for PBXNativeTarget "StackViewsExTests" */;
			buildPhases = (
				87851ACE223918D3000BF290 /* Sources */,
				87851ACF223918D3000BF290 /* Frameworks */,
				87851AD0223918D3000BF290 /* Resources */,
			);
			buildRules = (
			);
			dependencies = (
				87851AD4223918D3000BF290 /* PBXTargetDependency */,
			);
			name = StackViewsExTests;
			productName = StackViewsExTests;
			productReference = 87851AD2223918D3000BF290 /* StackViewsExTests.xctest */;
			productType = "com.apple.product-type.bundle.unit-test";
		};
		87851ADC223918D3000BF290 /* StackViewsExUITests */ = {
			isa = PBXNativeTarget;
			buildConfigurationList = 87851AEC223918D3000BF290 /* Build configuration list for PBXNativeTarget "StackViewsExUITests" */;
			buildPhases = (
				87851AD9223918D3000BF290 /* Sources */,
				87851ADA223918D3000BF290 /* Frameworks */,
				87851ADB223918D3000BF290 /* Resources */,
			);
			buildRules = (
			);
			dependencies = (
				87851ADF223918D3000BF290 /* PBXTargetDependency */,
			);
			name = StackViewsExUITests;
			productName = StackViewsExUITests;
			productReference = 87851ADD223918D3000BF290 /* StackViewsExUITests.xctest */;
			productType = "com.apple.product-type.bundle.ui-testing";
		};
/* End PBXNativeTarget section */

/* Begin PBXProject section */
		87851AB6223918D1000BF290 /* Project object */ = {
			isa = PBXProject;
			attributes = {
				LastSwiftUpdateCheck = 1000;
				LastUpgradeCheck = 1000;
				ORGANIZATIONNAME = ArunaKumari;
				TargetAttributes = {
					87851ABD223918D1000BF290 = {
						CreatedOnToolsVersion = 10.0;
					};
					87851AD1223918D3000BF290 = {
						CreatedOnToolsVersion = 10.0;
						TestTargetID = 87851ABD223918D1000BF290;
					};
					87851ADC223918D3000BF290 = {
						CreatedOnToolsVersion = 10.0;
						TestTargetID = 87851ABD223918D1000BF290;
					};
				};
			};
			buildConfigurationList = 87851AB9223918D1000BF290 /* Build configuration list for PBXProject "StackViewsEx" */;
			compatibilityVersion = "Xcode 9.3";
			developmentRegion = en;
			hasScannedForEncodings = 0;
			knownRegions = (
				en,
				Base,
			);
			mainGroup = 87851AB5223918D1000BF290;
			productRefGroup = 87851ABF223918D1000BF290 /* Products */;
			projectDirPath = "";
			projectRoot = "";
			targets = (
				87851ABD223918D1000BF290 /* StackViewsEx */,
				87851AD1223918D3000BF290 /* StackViewsExTests */,
				87851ADC223918D3000BF290 /* StackViewsExUITests */,
			);
		};
/* End PBXProject section */

/* Begin PBXResourcesBuildPhase section */
		87851ABC223918D1000BF290 /* Resources */ = {
			isa = PBXResourcesBuildPhase;
			buildActionMask = 2147483647;
			files = (
				87851ACC223918D3000BF290 /* LaunchScreen.storyboard in Resources */,
				87851AC9223918D3000BF290 /* Assets.xcassets in Resources */,
				87851AC7223918D1000BF290 /* Main.storyboard in Resources */,
			);
			runOnlyForDeploymentPostprocessing = 0;
		};
		87851AD0223918D3000BF290 /* Resources */ = {
			isa = PBXResourcesBuildPhase;
			buildActionMask = 2147483647;
			files = (
			);
			runOnlyForDeploymentPostprocessing = 0;
		};
		87851ADB223918D3000BF290 /* Resources */ = {
			isa = PBXResourcesBuildPhase;
			buildActionMask = 2147483647;
			files = (
			);
			runOnlyForDeploymentPostprocessing = 0;
		};
/* End PBXResourcesBuildPhase section */

/* Begin PBXSourcesBuildPhase section */
		87851ABA223918D1000BF290 /* Sources */ = {
			isa = PBXSourcesBuildPhase;
			buildActionMask = 2147483647;
			files = (
				87851AC4223918D1000BF290 /* ViewController.swift in Sources */,
				87851AC2223918D1000BF290 /* AppDelegate.swift in Sources */,
			);
			runOnlyForDeploymentPostprocessing = 0;
		};
		87851ACE223918D3000BF290 /* Sources */ = {
			isa = PBXSourcesBuildPhase;
			buildActionMask = 2147483647;
			files = (
				87851AD7223918D3000BF290 /* StackViewsExTests.swift in Sources */,
			);
			runOnlyForDeploymentPostprocessing = 0;
		};
		87851AD9223918D3000BF290 /* Sources */ = {
			isa = PBXSourcesBuildPhase;
			buildActionMask = 2147483647;
			files = (
				87851AE2223918D3000BF290 /* StackViewsExUITests.swift in Sources */,
			);
			runOnlyForDeploymentPostprocessing = 0;
		};
/* End PBXSourcesBuildPhase section */

/* Begin PBXTargetDependency section */
		87851AD4223918D3000BF290 /* PBXTargetDependency */ = {
			isa = PBXTargetDependency;
			target = 87851ABD223918D1000BF290 /* StackViewsEx */;
			targetProxy = 87851AD3223918D3000BF290 /* PBXContainerItemProxy */;
		};
		87851ADF223918D3000BF290 /* PBXTargetDependency */ = {
			isa = PBXTargetDependency;
			target = 87851ABD223918D1000BF290 /* StackViewsEx */;
			targetProxy = 87851ADE223918D3000BF290 /* PBXContainerItemProxy */;
		};
/* End PBXTargetDependency section */

/* Begin PBXVariantGroup section */
		87851AC5223918D1000BF290 /* Main.storyboard */ = {
			isa = PBXVariantGroup;
			children = (
				87851AC6223918D1000BF290 /* Base */,
			);
			name = Main.storyboard;
			sourceTree = "<group>";
		};
		87851ACA223918D3000BF290 /* LaunchScreen.storyboard */ = {
			isa = PBXVariantGroup;
			children = (
				87851ACB223918D3000BF290 /* Base */,
			);
			name = LaunchScreen.storyboard;
			sourceTree = "<group>";
		};
/* End PBXVariantGroup section */

/* Begin XCBuildConfiguration section */
		87851AE4223918D3000BF290 /* Debug */ = {
			isa = XCBuildConfiguration;
			buildSettings = {
				ALWAYS_SEARCH_USER_PATHS = NO;
				CLANG_ANALYZER_NONNULL = YES;
				CLANG_ANALYZER_NUMBER_OBJECT_CONVERSION = YES_AGGRESSIVE;
				CLANG_CXX_LANGUAGE_STANDARD = "gnu++14";
				CLANG_CXX_LIBRARY = "libc++";
				CLANG_ENABLE_MODULES = YES;
				CLANG_ENABLE_OBJC_ARC = YES;
				CLANG_ENABLE_OBJC_WEAK = YES;
				CLANG_WARN_BLOCK_CAPTURE_AUTORELEASING = YES;
				CLANG_WARN_BOOL_CONVERSION = YES;
				CLANG_WARN_COMMA = YES;
				CLANG_WARN_CONSTANT_CONVERSION = YES;
				CLANG_WARN_DEPRECATED_OBJC_IMPLEMENTATIONS = YES;
				CLANG_WARN_DIRECT_OBJC_ISA_USAGE = YES_ERROR;
				CLANG_WARN_DOCUMENTATION_COMMENTS = YES;
				CLANG_WARN_EMPTY_BODY = YES;
				CLANG_WARN_ENUM_CONVERSION = YES;
				CLANG_WARN_INFINITE_RECURSION = YES;
				CLANG_WARN_INT_CONVERSION = YES;
				CLANG_WARN_NON_LITERAL_NULL_CONVERSION = YES;
				CLANG_WARN_OBJC_IMPLICIT_RETAIN_SELF = YES;
				CLANG_WARN_OBJC_LITERAL_CONVERSION = YES;
				CLANG_WARN_OBJC_ROOT_CLASS = YES_ERROR;
				CLANG_WARN_RANGE_LOOP_ANALYSIS = YES;
				CLANG_WARN_STRICT_PROTOTYPES = YES;
				CLANG_WARN_SUSPICIOUS_MOVE = YES;
				CLANG_WARN_UNGUARDED_AVAILABILITY = YES_AGGRESSIVE;
				CLANG_WARN_UNREACHABLE_CODE = YES;
				CLANG_WARN__DUPLICATE_METHOD_MATCH = YES;
				CODE_SIGN_IDENTITY = "iPhone Developer";
				COPY_PHASE_STRIP = NO;
				DEBUG_INFORMATION_FORMAT = dwarf;
				ENABLE_STRICT_OBJC_MSGSEND = YES;
				ENABLE_TESTABILITY = YES;
				GCC_C_LANGUAGE_STANDARD = gnu11;
				GCC_DYNAMIC_NO_PIC = NO;
				GCC_NO_COMMON_BLOCKS = YES;
				GCC_OPTIMIZATION_LEVEL = 0;
				GCC_PREPROCESSOR_DEFINITIONS = (
					"DEBUG=1",
					"$(inherited)",
				);
				GCC_WARN_64_TO_32_BIT_CONVERSION = YES;
				GCC_WARN_ABOUT_RETURN_TYPE = YES_ERROR;
				GCC_WARN_UNDECLARED_SELECTOR = YES;
				GCC_WARN_UNINITIALIZED_AUTOS = YES_AGGRESSIVE;
				GCC_WARN_UNUSED_FUNCTION = YES;
				GCC_WARN_UNUSED_VARIABLE = YES;
				IPHONEOS_DEPLOYMENT_TARGET = 12.0;
				MTL_ENABLE_DEBUG_INFO = INCLUDE_SOURCE;
				MTL_FAST_MATH = YES;
				ONLY_ACTIVE_ARCH = YES;
				SDKROOT = iphoneos;
				SWIFT_ACTIVE_COMPILATION_CONDITIONS = DEBUG;
				SWIFT_OPTIMIZATION_LEVEL = "-Onone";
			};
			name = Debug;
		};
		87851AE5223918D3000BF290 /* Release */ = {
			isa = XCBuildConfiguration;
			buildSettings = {
				ALWAYS_SEARCH_USER_PATHS = NO;
				CLANG_ANALYZER_NONNULL = YES;
				CLANG_ANALYZER_NUMBER_OBJECT_CONVERSION = YES_AGGRESSIVE;
				CLANG_CXX_LANGUAGE_STANDARD = "gnu++14";
				CLANG_CXX_LIBRARY = "libc++";
				CLANG_ENABLE_MODULES = YES;
				CLANG_ENABLE_OBJC_ARC = YES;
				CLANG_ENABLE_OBJC_WEAK = YES;
				CLANG_WARN_BLOCK_CAPTURE_AUTORELEASING = YES;
				CLANG_WARN_BOOL_CONVERSION = YES;
				CLANG_WARN_COMMA = YES;
				CLANG_WARN_CONSTANT_CONVERSION = YES;
				CLANG_WARN_DEPRECATED_OBJC_IMPLEMENTATIONS = YES;
				CLANG_WARN_DIRECT_OBJC_ISA_USAGE = YES_ERROR;
				CLANG_WARN_DOCUMENTATION_COMMENTS = YES;
				CLANG_WARN_EMPTY_BODY = YES;
				CLANG_WARN_ENUM_CONVERSION = YES;
				CLANG_WARN_INFINITE_RECURSION = YES;
				CLANG_WARN_INT_CONVERSION = YES;
				CLANG_WARN_NON_LITERAL_NULL_CONVERSION = YES;
				CLANG_WARN_OBJC_IMPLICIT_RETAIN_SELF = YES;
				CLANG_WARN_OBJC_LITERAL_CONVERSION = YES;
				CLANG_WARN_OBJC_ROOT_CLASS = YES_ERROR;
				CLANG_WARN_RANGE_LOOP_ANALYSIS = YES;
				CLANG_WARN_STRICT_PROTOTYPES = YES;
				CLANG_WARN_SUSPICIOUS_MOVE = YES;
				CLANG_WARN_UNGUARDED_AVAILABILITY = YES_AGGRESSIVE;
				CLANG_WARN_UNREACHABLE_CODE = YES;
				CLANG_WARN__DUPLICATE_METHOD_MATCH = YES;
				CODE_SIGN_IDENTITY = "iPhone Developer";
				COPY_PHASE_STRIP = NO;
				DEBUG_INFORMATION_FORMAT = "dwarf-with-dsym";
				ENABLE_NS_ASSERTIONS = NO;
				ENABLE_STRICT_OBJC_MSGSEND = YES;
				GCC_C_LANGUAGE_STANDARD = gnu11;
				GCC_NO_COMMON_BLOCKS = YES;
				GCC_WARN_64_TO_32_BIT_CONVERSION = YES;
				GCC_WARN_ABOUT_RETURN_TYPE = YES_ERROR;
				GCC_WARN_UNDECLARED_SELECTOR = YES;
				GCC_WARN_UNINITIALIZED_AUTOS = YES_AGGRESSIVE;
				GCC_WARN_UNUSED_FUNCTION = YES;
				GCC_WARN_UNUSED_VARIABLE = YES;
				IPHONEOS_DEPLOYMENT_TARGET = 12.0;
				MTL_ENABLE_DEBUG_INFO = NO;
				MTL_FAST_MATH = YES;
				SDKROOT = iphoneos;
				SWIFT_COMPILATION_MODE = wholemodule;
				SWIFT_OPTIMIZATION_LEVEL = "-O";
				VALIDATE_PRODUCT = YES;
			};
			name = Release;
		};
		87851AE7223918D3000BF290 /* Debug */ = {
			isa = XCBuildConfiguration;
			buildSettings = {
				ASSETCATALOG_COMPILER_APPICON_NAME = AppIcon;
				CODE_SIGN_STYLE = Automatic;
				INFOPLIST_FILE = StackViewsEx/Info.plist;
				LD_RUNPATH_SEARCH_PATHS = (
					"$(inherited)",
					"@executable_path/Frameworks",
				);
				PRODUCT_BUNDLE_IDENTIFIER = CleanHarbors.StackViewsEx;
				PRODUCT_NAME = "$(TARGET_NAME)";
				SWIFT_VERSION = 4.2;
				TARGETED_DEVICE_FAMILY = "1,2";
			};
			name = Debug;
		};
		87851AE8223918D3000BF290 /* Release */ = {
			isa = XCBuildConfiguration;
			buildSettings = {
				ASSETCATALOG_COMPILER_APPICON_NAME = AppIcon;
				CODE_SIGN_STYLE = Automatic;
				INFOPLIST_FILE = StackViewsEx/Info.plist;
				LD_RUNPATH_SEARCH_PATHS = (
					"$(inherited)",
					"@executable_path/Frameworks",
				);
				PRODUCT_BUNDLE_IDENTIFIER = CleanHarbors.StackViewsEx;
				PRODUCT_NAME = "$(TARGET_NAME)";
				SWIFT_VERSION = 4.2;
				TARGETED_DEVICE_FAMILY = "1,2";
			};
			name = Release;
		};
		87851AEA223918D3000BF290 /* Debug */ = {
			isa = XCBuildConfiguration;
			buildSettings = {
				ALWAYS_EMBED_SWIFT_STANDARD_LIBRARIES = YES;
				BUNDLE_LOADER = "$(TEST_HOST)";
				CODE_SIGN_STYLE = Automatic;
				INFOPLIST_FILE = StackViewsExTests/Info.plist;
				LD_RUNPATH_SEARCH_PATHS = (
					"$(inherited)",
					"@executable_path/Frameworks",
					"@loader_path/Frameworks",
				);
				PRODUCT_BUNDLE_IDENTIFIER = CleanHarbors.StackViewsExTests;
				PRODUCT_NAME = "$(TARGET_NAME)";
				SWIFT_VERSION = 4.2;
				TARGETED_DEVICE_FAMILY = "1,2";
				TEST_HOST = "$(BUILT_PRODUCTS_DIR)/StackViewsEx.app/StackViewsEx";
			};
			name = Debug;
		};
		87851AEB223918D3000BF290 /* Release */ = {
			isa = XCBuildConfiguration;
			buildSettings = {
				ALWAYS_EMBED_SWIFT_STANDARD_LIBRARIES = YES;
				BUNDLE_LOADER = "$(TEST_HOST)";
				CODE_SIGN_STYLE = Automatic;
				INFOPLIST_FILE = StackViewsExTests/Info.plist;
				LD_RUNPATH_SEARCH_PATHS = (
					"$(inherited)",
					"@executable_path/Frameworks",
					"@loader_path/Frameworks",
				);
				PRODUCT_BUNDLE_IDENTIFIER = CleanHarbors.StackViewsExTests;
				PRODUCT_NAME = "$(TARGET_NAME)";
				SWIFT_VERSION = 4.2;
				TARGETED_DEVICE_FAMILY = "1,2";
				TEST_HOST = "$(BUILT_PRODUCTS_DIR)/StackViewsEx.app/StackViewsEx";
			};
			name = Release;
		};
		87851AED223918D3000BF290 /* Debug */ = {
			isa = XCBuildConfiguration;
			buildSettings = {
				ALWAYS_EMBED_SWIFT_STANDARD_LIBRARIES = YES;
				CODE_SIGN_STYLE = Automatic;
				INFOPLIST_FILE = StackViewsExUITests/Info.plist;
				LD_RUNPATH_SEARCH_PATHS = (
					"$(inherited)",
					"@executable_path/Frameworks",
					"@loader_path/Frameworks",
				);
				PRODUCT_BUNDLE_IDENTIFIER = CleanHarbors.StackViewsExUITests;
				PRODUCT_NAME = "$(TARGET_NAME)";
				SWIFT_VERSION = 4.2;
				TARGETED_DEVICE_FAMILY = "1,2";
				TEST_TARGET_NAME = StackViewsEx;
			};
			name = Debug;
		};
		87851AEE223918D3000BF290 /* Release */ = {
			isa = XCBuildConfiguration;
			buildSettings = {
				ALWAYS_EMBED_SWIFT_STANDARD_LIBRARIES = YES;
				CODE_SIGN_STYLE = Automatic;
				INFOPLIST_FILE = StackViewsExUITests/Info.plist;
				LD_RUNPATH_SEARCH_PATHS = (
					"$(inherited)",
					"@executable_path/Frameworks",
					"@loader_path/Frameworks",
				);
				PRODUCT_BUNDLE_IDENTIFIER = CleanHarbors.StackViewsExUITests;
				PRODUCT_NAME = "$(TARGET_NAME)";
				SWIFT_VERSION = 4.2;
				TARGETED_DEVICE_FAMILY = "1,2";
				TEST_TARGET_NAME = StackViewsEx;
			};
			name = Release;
		};
/* End XCBuildConfiguration section */

/* Begin XCConfigurationList section */
		87851AB9223918D1000BF290 /* Build configuration list for PBXProject "StackViewsEx" */ = {
			isa = XCConfigurationList;
			buildConfigurations = (
				87851AE4223918D3000BF290 /* Debug */,
				87851AE5223918D3000BF290 /* Release */,
			);
			defaultConfigurationIsVisible = 0;
			defaultConfigurationName = Release;
		};
		87851AE6223918D3000BF290 /* Build configuration list for PBXNativeTarget "StackViewsEx" */ = {
			isa = XCConfigurationList;
			buildConfigurations = (
				87851AE7223918D3000BF290 /* Debug */,
				87851AE8223918D3000BF290 /* Release */,
			);
			defaultConfigurationIsVisible = 0;
			defaultConfigurationName = Release;
		};
		87851AE9223918D3000BF290 /* Build configuration list for PBXNativeTarget "StackViewsExTests" */ = {
			isa = XCConfigurationList;
			buildConfigurations = (
				87851AEA223918D3000BF290 /* Debug */,
				87851AEB223918D3000BF290 /* Release */,
			);
			defaultConfigurationIsVisible = 0;
			defaultConfigurationName = Release;
		};
		87851AEC223918D3000BF290 /* Build configuration list for PBXNativeTarget "StackViewsExUITests" */ = {
			isa = XCConfigurationList;
			buildConfigurations = (
				87851AED223918D3000BF290 /* Debug */,
				87851AEE223918D3000BF290 /* Release */,
			);
			defaultConfigurationIsVisible = 0;
			defaultConfigurationName = Release;
		};
/* End XCConfigurationList section */
	};
	rootObject = 87851AB6223918D1000BF290 /* Project object */;
}
